
Microsoft Visual Studio Solution File, Format Version 12.00
# Visual Studio Version 17
VisualStudioVersion = 17.5.002.0
MinimumVisualStudioVersion = 10.0.40219.1
Project("{9A19103F-16F7-4668-BE54-9A1E7A4F7556}") = "Interview", "Interview.csproj", "{0292C612-8AFA-4412-8779-D8343CDB62DF}"
EndProject
Global
	GlobalSection(SolutionConfigurationPlatforms) = preSolution
		Debug|Any CPU = Debug|Any CPU
		Release|Any CPU = Release|Any CPU
	EndGlobalSection
	GlobalSection(ProjectConfigurationPlatforms) = postSolution
		{0292C612-8AFA-4412-8779-D8343CDB62DF}.Debug|Any CPU.ActiveCfg = Debug|Any CPU
		{0292C612-8AFA-4412-8779-D8343CDB62DF}.Debug|Any CPU.Build.0 = Debug|Any CPU
		{0292C612-8AFA-4412-8779-D8343CDB62DF}.Release|Any CPU.ActiveCfg = Release|Any CPU
		{0292C612-8AFA-4412-8779-D8343CDB62DF}.Release|Any CPU.Build.0 = Release|Any CPU
	EndGlobalSection
	GlobalSection(SolutionProperties) = preSolution
		HideSolutionNode = FALSE
	EndGlobalSection
	GlobalSection(ExtensibilityGlobals) = postSolution
		SolutionGuid = {8CC3569F-334F-4BE8-913E-E5702B0E87B8}
	EndGlobalSection
EndGlobal
